
Microsoft Visual Studio Solution File, Format Version 12.00
# Visual Studio 15
VisualStudioVersion = 15.0.28010.2016
MinimumVisualStudioVersion = 10.0.40219.1
Project("{FAE04EC0-301F-11D3-BF4B-00C04F79EFBC}") = "FinalAcessTEst", "FinalAcessTEst\FinalAcessTEst.csproj", "{2C574FED-2711-4376-81D7-96824F4B0143}"
EndProject
Global
	GlobalSection(SolutionConfigurationPlatforms) = preSolution
		Debug|Any CPU = Debug|Any CPU
		Release|Any CPU = Release|Any CPU
	EndGlobalSection
	GlobalSection(ProjectConfigurationPlatforms) = postSolution
		{2C574FED-2711-4376-81D7-96824F4B0143}.Debug|Any CPU.ActiveCfg = Debug|Any CPU
		{2C574FED-2711-4376-81D7-96824F4B0143}.Debug|Any CPU.Build.0 = Debug|Any CPU
		{2C574FED-2711-4376-81D7-96824F4B0143}.Release|Any CPU.ActiveCfg = Release|Any CPU
		{2C574FED-2711-4376-81D7-96824F4B0143}.Release|Any CPU.Build.0 = Release|Any CPU
	EndGlobalSection
	GlobalSection(SolutionProperties) = preSolution
		HideSolutionNode = FALSE
	EndGlobalSection
	GlobalSection(ExtensibilityGlobals) = postSolution
		SolutionGuid = {50B9349C-2ED7-4B8F-8EC1-74AF578F2580}
	EndGlobalSection
EndGlobal
